
Microsoft Visual Studio Solution File, Format Version 12.00
# Visual Studio Version 16
VisualStudioVersion = 16.0.31410.357
MinimumVisualStudioVersion = 10.0.40219.1
Project("{FAE04EC0-301F-11D3-BF4B-00C04F79EFBC}") = "PittsburgFastFoodCloser", "PittsburgFastFoodCloser.csproj", "{2DCA19C1-76F2-4EBB-A76B-43E10986E6BF}"
EndProject
Global
	GlobalSection(SolutionConfigurationPlatforms) = preSolution
		Debug|Any CPU = Debug|Any CPU
		Release|Any CPU = Release|Any CPU
	EndGlobalSection
	GlobalSection(ProjectConfigurationPlatforms) = postSolution
		{2DCA19C1-76F2-4EBB-A76B-43E10986E6BF}.Debug|Any CPU.ActiveCfg = Debug|Any CPU
		{2DCA19C1-76F2-4EBB-A76B-43E10986E6BF}.Debug|Any CPU.Build.0 = Debug|Any CPU
		{2DCA19C1-76F2-4EBB-A76B-43E10986E6BF}.Release|Any CPU.ActiveCfg = Release|Any CPU
		{2DCA19C1-76F2-4EBB-A76B-43E10986E6BF}.Release|Any CPU.Build.0 = Release|Any CPU
	EndGlobalSection
	GlobalSection(SolutionProperties) = preSolution
		HideSolutionNode = FALSE
	EndGlobalSection
	GlobalSection(ExtensibilityGlobals) = postSolution
		SolutionGuid = {57573DC7-75B2-4B3B-B842-D4FCDFEB271C}
	EndGlobalSection
EndGlobal
